
Microsoft Visual Studio Solution File, Format Version 12.00
# Visual Studio Version 16
VisualStudioVersion = 16.0.29230.47
MinimumVisualStudioVersion = 10.0.40219.1
Project("{FAE04EC0-301F-11D3-BF4B-00C04F79EFBC}") = "RNutzenbergerICA9", "RNutzenbergerICA9\RNutzenbergerICA9.csproj", "{BA46A191-13BB-4552-BA4D-91D79750A437}"
EndProject
Global
	GlobalSection(SolutionConfigurationPlatforms) = preSolution
		Debug|Any CPU = Debug|Any CPU
		Release|Any CPU = Release|Any CPU
	EndGlobalSection
	GlobalSection(ProjectConfigurationPlatforms) = postSolution
		{BA46A191-13BB-4552-BA4D-91D79750A437}.Debug|Any CPU.ActiveCfg = Debug|Any CPU
		{BA46A191-13BB-4552-BA4D-91D79750A437}.Debug|Any CPU.Build.0 = Debug|Any CPU
		{BA46A191-13BB-4552-BA4D-91D79750A437}.Release|Any CPU.ActiveCfg = Release|Any CPU
		{BA46A191-13BB-4552-BA4D-91D79750A437}.Release|Any CPU.Build.0 = Release|Any CPU
	EndGlobalSection
	GlobalSection(SolutionProperties) = preSolution
		HideSolutionNode = FALSE
	EndGlobalSection
	GlobalSection(ExtensibilityGlobals) = postSolution
		SolutionGuid = {FFC2B87E-4C40-4970-99C7-FE779D6D1591}
	EndGlobalSection
EndGlobal
