
Microsoft Visual Studio Solution File, Format Version 12.00
# Visual Studio Version 16
VisualStudioVersion = 16.0.29215.179
MinimumVisualStudioVersion = 10.0.40219.1
Project("{FAE04EC0-301F-11D3-BF4B-00C04F79EFBC}") = "RNutzenbergerICA8", "RNutzenbergerICA8\RNutzenbergerICA8.csproj", "{2A9BCC7E-B5EB-4D86-A75D-AE5CD87B2147}"
EndProject
Global
	GlobalSection(SolutionConfigurationPlatforms) = preSolution
		Debug|Any CPU = Debug|Any CPU
		Release|Any CPU = Release|Any CPU
	EndGlobalSection
	GlobalSection(ProjectConfigurationPlatforms) = postSolution
		{2A9BCC7E-B5EB-4D86-A75D-AE5CD87B2147}.Debug|Any CPU.ActiveCfg = Debug|Any CPU
		{2A9BCC7E-B5EB-4D86-A75D-AE5CD87B2147}.Debug|Any CPU.Build.0 = Debug|Any CPU
		{2A9BCC7E-B5EB-4D86-A75D-AE5CD87B2147}.Release|Any CPU.ActiveCfg = Release|Any CPU
		{2A9BCC7E-B5EB-4D86-A75D-AE5CD87B2147}.Release|Any CPU.Build.0 = Release|Any CPU
	EndGlobalSection
	GlobalSection(SolutionProperties) = preSolution
		HideSolutionNode = FALSE
	EndGlobalSection
	GlobalSection(ExtensibilityGlobals) = postSolution
		SolutionGuid = {F3B9F7B8-70EA-48C6-B82F-819E5BA15115}
	EndGlobalSection
EndGlobal
